
Microsoft Visual Studio Solution File, Format Version 12.00
# Visual Studio Version 17
VisualStudioVersion = 17.1.32328.378
MinimumVisualStudioVersion = 10.0.40219.1
Project("{FAE04EC0-301F-11D3-BF4B-00C04F79EFBC}") = "WPF_LandIndia", "WPF_LandIndia\WPF_LandIndia.csproj", "{625A403C-AECA-4B34-B819-77449C327441}"
EndProject
Global
	GlobalSection(SolutionConfigurationPlatforms) = preSolution
		Debug|Any CPU = Debug|Any CPU
		Release|Any CPU = Release|Any CPU
	EndGlobalSection
	GlobalSection(ProjectConfigurationPlatforms) = postSolution
		{625A403C-AECA-4B34-B819-77449C327441}.Debug|Any CPU.ActiveCfg = Debug|Any CPU
		{625A403C-AECA-4B34-B819-77449C327441}.Debug|Any CPU.Build.0 = Debug|Any CPU
		{625A403C-AECA-4B34-B819-77449C327441}.Release|Any CPU.ActiveCfg = Release|Any CPU
		{625A403C-AECA-4B34-B819-77449C327441}.Release|Any CPU.Build.0 = Release|Any CPU
	EndGlobalSection
	GlobalSection(SolutionProperties) = preSolution
		HideSolutionNode = FALSE
	EndGlobalSection
	GlobalSection(ExtensibilityGlobals) = postSolution
		SolutionGuid = {16EE7530-B980-46E0-A703-E2818DCEEECE}
	EndGlobalSection
EndGlobal
